
Microsoft Visual Studio Solution File, Format Version 12.00
# Visual Studio Version 16
VisualStudioVersion = 16.0.32228.343
MinimumVisualStudioVersion = 10.0.40219.1
Project("{FAE04EC0-301F-11D3-BF4B-00C04F79EFBC}") = "OnlineBanking", "OnlineBanking\OnlineBanking.csproj", "{0D8FAC3F-F0B1-4E3D-8A01-6661789E4970}"
EndProject
Global
	GlobalSection(SolutionConfigurationPlatforms) = preSolution
		Debug|Any CPU = Debug|Any CPU
		Release|Any CPU = Release|Any CPU
	EndGlobalSection
	GlobalSection(ProjectConfigurationPlatforms) = postSolution
		{0D8FAC3F-F0B1-4E3D-8A01-6661789E4970}.Debug|Any CPU.ActiveCfg = Debug|Any CPU
		{0D8FAC3F-F0B1-4E3D-8A01-6661789E4970}.Debug|Any CPU.Build.0 = Debug|Any CPU
		{0D8FAC3F-F0B1-4E3D-8A01-6661789E4970}.Release|Any CPU.ActiveCfg = Release|Any CPU
		{0D8FAC3F-F0B1-4E3D-8A01-6661789E4970}.Release|Any CPU.Build.0 = Release|Any CPU
	EndGlobalSection
	GlobalSection(SolutionProperties) = preSolution
		HideSolutionNode = FALSE
	EndGlobalSection
	GlobalSection(ExtensibilityGlobals) = postSolution
		SolutionGuid = {60E5812C-3838-4C3A-9509-1670A0173022}
	EndGlobalSection
EndGlobal
